{
    "_readme": [
        "This file locks the dependencies of your project to a known state",
        "Read more about it at https://getcomposer.org/doc/01-basic-usage.md#installing-dependencies",
        "This file is @generated automatically"
    ],
    "content-hash": "4b4eaae2fd192b7166e1f4dc8edb54c8",
    "packages": [
        {
            "name": "gentle/bitbucket-api",
            "version": "1.1.2",
            "source": {
                "type": "git",
                "url": "https://github.com/gentlero/bitbucket-api.git",
                "reference": "178734f8fcbfd569de401d0d65daa3b63a23fa9f"
            },
            "dist": {
                "type": "zip",
                "url": "https://api.github.com/repos/gentlero/bitbucket-api/zipball/178734f8fcbfd569de401d0d65daa3b63a23fa9f",
                "reference": "178734f8fcbfd569de401d0d65daa3b63a23fa9f",
                "shasum": ""
            },
            "require": {
                "jacobkiers/oauth": "~1.0",
                "kriswallsmith/buzz": "^0.16",
                "php": ">=5.4.0"
            },
            "conflict": {
                "eabay/bitbucket-repo-sync": "*",
                "rlacerda83/bitbucket-api": "*"
            },
            "require-dev": {
                "phpunit/phpunit": "^4.8",
                "squizlabs/php_codesniffer": "~2.7"
            },
            "suggest": {
                "ext-curl": "*"
            },
            "type": "library",
            "autoload": {
                "psr-0": {
                    "Bitbucket\\": "lib/"
                },
                "files": [
                    "polyfill-55.php"
                ]
            },
            "notification-url": "https://packagist.org/downloads/",
            "license": [
                "MIT"
            ],
            "authors": [
                {
                    "name": "Alexandru Guzinschi",
                    "email": "alex@gentle.ro",
                    "homepage": "http://www.sebi.me",
                    "role": "Developer"
                }
            ],
            "description": "Bitbucket API wrapper for PHP >= 5.4",
            "homepage": "https://bitbucket.org/gentlero/bitbucket-api",
            "keywords": [
                "api",
                "bitbucket"
            ],
            "time": "2018-06-18T05:47:04+00:00"
        },
        {
            "name": "guzzlehttp/psr7",
            "version": "1.5.2",
            "source": {
                "type": "git",
                "url": "https://github.com/guzzle/psr7.git",
                "reference": "9f83dded91781a01c63574e387eaa769be769115"
            },
            "dist": {
                "type": "zip",
                "url": "https://api.github.com/repos/guzzle/psr7/zipball/9f83dded91781a01c63574e387eaa769be769115",
                "reference": "9f83dded91781a01c63574e387eaa769be769115",
                "shasum": ""
            },
            "require": {
                "php": ">=5.4.0",
                "psr/http-message": "~1.0",
                "ralouphie/getallheaders": "^2.0.5"
            },
            "provide": {
                "psr/http-message-implementation": "1.0"
            },
            "require-dev": {
                "phpunit/phpunit": "~4.8.36 || ^5.7.27 || ^6.5.8"
            },
            "type": "library",
            "extra": {
                "branch-alias": {
                    "dev-master": "1.5-dev"
                }
            },
            "autoload": {
                "psr-4": {
                    "GuzzleHttp\\Psr7\\": "src/"
                },
                "files": [
                    "src/functions_include.php"
                ]
            },
            "notification-url": "https://packagist.org/downloads/",
            "license": [
                "MIT"
            ],
            "authors": [
                {
                    "name": "Michael Dowling",
                    "email": "mtdowling@gmail.com",
                    "homepage": "https://github.com/mtdowling"
                },
                {
                    "name": "Tobias Schultze",
                    "homepage": "https://github.com/Tobion"
                }
            ],
            "description": "PSR-7 message implementation that also provides common utility methods",
            "keywords": [
                "http",
                "message",
                "psr-7",
                "request",
                "response",
                "stream",
                "uri",
                "url"
            ],
            "time": "2018-12-04T20:46:45+00:00"
        },
        {
            "name": "jacobkiers/oauth",
            "version": "1.0.12",
            "source": {
                "type": "git",
                "url": "https://github.com/jacobkiers/OAuth.git",
                "reference": "95477a77107436e67a10e799fad04d82719a5f1e"
            },
            "dist": {
                "type": "zip",
                "url": "https://api.github.com/repos/jacobkiers/OAuth/zipball/95477a77107436e67a10e799fad04d82719a5f1e",
                "reference": "95477a77107436e67a10e799fad04d82719a5f1e",
                "shasum": ""
            },
            "require": {
                "php": ">=5.3.0"
            },
            "require-dev": {
                "mockery/mockery": "*",
                "phpunit/phpunit": "3.7.*@stable",
                "squizlabs/php_codesniffer": "*"
            },
            "type": "library",
            "autoload": {
                "psr-0": {
                    "JacobKiers\\OAuth": "src/"
                }
            },
            "notification-url": "https://packagist.org/downloads/",
            "license": [
                "MIT"
            ],
            "authors": [
                {
                    "name": "Gary Jones",
                    "email": "gary@garyjones.co.uk",
                    "role": "developer"
                },
                {
                    "name": "Alexandre Eher",
                    "role": "Composer packager"
                },
                {
                    "name": "Jacob Kiers",
                    "email": "jacob@alphacomm.nl",
                    "role": "developer"
                },
                {
                    "name": "Andy Smith",
                    "role": "original author"
                }
            ],
            "description": "Based on Andy Smith's basic PHP library for OAuth 1.0a",
            "homepage": "https://github.com/jacobkiers/OAuth",
            "keywords": [
                "oauth"
            ],
            "time": "2015-10-02T13:50:51+00:00"
        },
        {
            "name": "kriswallsmith/buzz",
            "version": "v0.16.1",
            "source": {
                "type": "git",
                "url": "https://github.com/kriswallsmith/Buzz.git",
                "reference": "4977b7d44dbef49cdc641f14be6512fdcfe32f12"
            },
            "dist": {
                "type": "zip",
                "url": "https://api.github.com/repos/kriswallsmith/Buzz/zipball/4977b7d44dbef49cdc641f14be6512fdcfe32f12",
                "reference": "4977b7d44dbef49cdc641f14be6512fdcfe32f12",
                "shasum": ""
            },
            "require": {
                "guzzlehttp/psr7": "^1.4",
                "php": "^5.4 || ^7.0"
            },
            "require-dev": {
                "php-http/client-integration-tests": "^0.6.2",
                "symfony/phpunit-bridge": "^3.4 || ^4.0"
            },
            "suggest": {
                "ext-curl": "*"
            },
            "type": "library",
            "autoload": {
                "psr-4": {
                    "Buzz\\": "lib/Buzz"
                }
            },
            "notification-url": "https://packagist.org/downloads/",
            "license": [
                "MIT"
            ],
            "authors": [
                {
                    "name": "Kris Wallsmith",
                    "email": "kris.wallsmith@gmail.com",
                    "homepage": "http://kriswallsmith.net/"
                }
            ],
            "description": "Lightweight HTTP client",
            "homepage": "https://github.com/kriswallsmith/Buzz",
            "keywords": [
                "curl",
                "http client"
            ],
            "time": "2018-03-19T10:34:40+00:00"
        },
        {
            "name": "psr/http-message",
            "version": "1.0.1",
            "source": {
                "type": "git",
                "url": "https://github.com/php-fig/http-message.git",
                "reference": "f6561bf28d520154e4b0ec72be95418abe6d9363"
            },
            "dist": {
                "type": "zip",
                "url": "https://api.github.com/repos/php-fig/http-message/zipball/f6561bf28d520154e4b0ec72be95418abe6d9363",
                "reference": "f6561bf28d520154e4b0ec72be95418abe6d9363",
                "shasum": ""
            },
            "require": {
                "php": ">=5.3.0"
            },
            "type": "library",
            "extra": {
                "branch-alias": {
                    "dev-master": "1.0.x-dev"
                }
            },
            "autoload": {
                "psr-4": {
                    "Psr\\Http\\Message\\": "src/"
                }
            },
            "notification-url": "https://packagist.org/downloads/",
            "license": [
                "MIT"
            ],
            "authors": [
                {
                    "name": "PHP-FIG",
                    "homepage": "http://www.php-fig.org/"
                }
            ],
            "description": "Common interface for HTTP messages",
            "homepage": "https://github.com/php-fig/http-message",
            "keywords": [
                "http",
                "http-message",
                "psr",
                "psr-7",
                "request",
                "response"
            ],
            "time": "2016-08-06T14:39:51+00:00"
        },
        {
            "name": "ralouphie/getallheaders",
            "version": "2.0.5",
            "source": {
                "type": "git",
                "url": "https://github.com/ralouphie/getallheaders.git",
                "reference": "5601c8a83fbba7ef674a7369456d12f1e0d0eafa"
            },
            "dist": {
                "type": "zip",
                "url": "https://api.github.com/repos/ralouphie/getallheaders/zipball/5601c8a83fbba7ef674a7369456d12f1e0d0eafa",
                "reference": "5601c8a83fbba7ef674a7369456d12f1e0d0eafa",
                "shasum": ""
            },
            "require": {
                "php": ">=5.3"
            },
            "require-dev": {
                "phpunit/phpunit": "~3.7.0",
                "satooshi/php-coveralls": ">=1.0"
            },
            "type": "library",
            "autoload": {
                "files": [
                    "src/getallheaders.php"
                ]
            },
            "notification-url": "https://packagist.org/downloads/",
            "license": [
                "MIT"
            ],
            "authors": [
                {
                    "name": "Ralph Khattar",
                    "email": "ralph.khattar@gmail.com"
                }
            ],
            "description": "A polyfill for getallheaders.",
            "time": "2016-02-11T07:05:27+00:00"
        }
    ],
    "packages-dev": [],
    "aliases": [],
    "minimum-stability": "stable",
    "stability-flags": [],
    "prefer-stable": false,
    "prefer-lowest": false,
    "platform": {
        "php": ">=7.1"
    },
    "platform-dev": []
}
